
Microsoft Visual Studio Solution File, Format Version 12.00
# Visual Studio Version 17
VisualStudioVersion = 17.8.34525.116
MinimumVisualStudioVersion = 10.0.40219.1
Project("{FAE04EC0-301F-11D3-BF4B-00C04F79EFBC}") = "Musicfy", "Musicfy\Musicfy.csproj", "{0565D42D-BF26-4C2C-9FDB-B023D3A2E6E5}"
EndProject
Global
	GlobalSection(SolutionConfigurationPlatforms) = preSolution
		Debug|Any CPU = Debug|Any CPU
		Release|Any CPU = Release|Any CPU
	EndGlobalSection
	GlobalSection(ProjectConfigurationPlatforms) = postSolution
		{0565D42D-BF26-4C2C-9FDB-B023D3A2E6E5}.Debug|Any CPU.ActiveCfg = Debug|Any CPU
		{0565D42D-BF26-4C2C-9FDB-B023D3A2E6E5}.Debug|Any CPU.Build.0 = Debug|Any CPU
		{0565D42D-BF26-4C2C-9FDB-B023D3A2E6E5}.Release|Any CPU.ActiveCfg = Release|Any CPU
		{0565D42D-BF26-4C2C-9FDB-B023D3A2E6E5}.Release|Any CPU.Build.0 = Release|Any CPU
	EndGlobalSection
	GlobalSection(SolutionProperties) = preSolution
		HideSolutionNode = FALSE
	EndGlobalSection
	GlobalSection(ExtensibilityGlobals) = postSolution
		SolutionGuid = {5AAC4E68-142A-4B0C-97D1-B46C521172D9}
	EndGlobalSection
EndGlobal
